# THIS IS AN AUTOGENERATED FILE. DO NOT EDIT THIS FILE DIRECTLY.
# yarn lockfile v1


"@polymer/lit-element@^0.6.2":
  version "0.6.2"
  resolved "https://registry.yarnpkg.com/@polymer/lit-element/-/lit-element-0.6.2.tgz#589f2fa19e84d23c1debb2c329cbab758ae30581"
  integrity sha512-4NWvK6SyAyyeW1mQ24ZVR+rtqZNHZ2JWnVTsPF/1iXnmmPwnpLs8mz0HRqz5adyoyt96ed/y2dsDwGBktJYyew==
  dependencies:
    lit-html "^0.12.0"

"@polymer/polymer@^3.1.0":
  version "3.1.0"
  resolved "https://registry.yarnpkg.com/@polymer/polymer/-/polymer-3.1.0.tgz#3e1b7447a1e350fd654e1823def655d0f0828a70"
  integrity sha512-hwN8IMERsFATz/9dSMxYHL+84J9uBkPuuarxJWlTsppZ4CAYTZKnepBfNrKoyNsafBmA3yXBiiKPPf+fJtza7A==
  dependencies:
    "@webcomponents/shadycss" "^1.5.2"

"@webcomponents/shadycss@^1.5.2":
  version "1.5.2"
  resolved "https://registry.yarnpkg.com/@webcomponents/shadycss/-/shadycss-1.5.2.tgz#ad72f43000c39ba4ac61e625131f34f4b7cfe55f"
  integrity sha512-0OyrmVc7S+INtzoqP2ofAo+OdVn2Nj0Qvq4wD9FEGN7nMmLRxaD2mzy6hD6EslzxUSuGH302CDU4KXiY66SEqg==

"@webcomponents/webcomponentsjs@^2.1.3":
  version "2.1.3"
  resolved "https://registry.yarnpkg.com/@webcomponents/webcomponentsjs/-/webcomponentsjs-2.1.3.tgz#f7430c6efe52ab06f69d219fddd32afd2758f683"
  integrity sha512-0UHJNY88lR3pnEYtBVT7F8cuuxOiITQGWJa0LxoELqkBSB7IabzJFOj5K99PajD3CGAsWpjB0CAeijfe376Y1w==

lit-html@^0.12.0:
  version "0.12.0"
  resolved "https://registry.yarnpkg.com/lit-html/-/lit-html-0.12.0.tgz#d994420fda74744f9d4a79401b086de929643e6a"
  integrity sha512-NyFgq8yTlGEjUFQOmNnK/kj+ZdDVJzTwsLunNSewGiOns7SjuJi6ymCCqzZZ81uW2VwEmliMbOlFZc9QmOJPLA==
